// !$*UTF8*$!
{
	archiveVersion = 1;
	classes = {
	};
	objectVersion = 56;
	objects = {

/* Begin PBXBuildFile section */
		179964182B0926E300034ED7 /* FlashMathApp.swift in Sources */ = {isa = PBXBuildFile; fileRef = 179964172B0926E300034ED7 /* FlashMathApp.swift */; };
		1799641A2B0926E300034ED7 /* ContentView.swift in Sources */ = {isa = PBXBuildFile; fileRef = 179964192B0926E300034ED7 /* ContentView.swift */; };
		1799641C2B0926E400034ED7 /* Assets.xcassets in Resources */ = {isa = PBXBuildFile; fileRef = 1799641B2B0926E400034ED7 /* Assets.xcassets */; };
		179964262B09277B00034ED7 /* HowManyMultiplesQuestion.swift in Sources */ = {isa = PBXBuildFile; fileRef = 179964252B09277B00034ED7 /* HowManyMultiplesQuestion.swift */; };
		179964282B09289C00034ED7 /* QuestionView.swift in Sources */ = {isa = PBXBuildFile; fileRef = 179964272B09289C00034ED7 /* QuestionView.swift */; };
		1799642A2B0929E600034ED7 /* ViewModel.swift in Sources */ = {isa = PBXBuildFile; fileRef = 179964292B0929E600034ED7 /* ViewModel.swift */; };
		1799642C2B092C4500034ED7 /* PlayingView.swift in Sources */ = {isa = PBXBuildFile; fileRef = 1799642B2B092C4500034ED7 /* PlayingView.swift */; };
		1799642E2B092D0B00034ED7 /* Styles.swift in Sources */ = {isa = PBXBuildFile; fileRef = 1799642D2B092D0B00034ED7 /* Styles.swift */; };
		179964302B09332500034ED7 /* MenuView.swift in Sources */ = {isa = PBXBuildFile; fileRef = 1799642F2B09332500034ED7 /* MenuView.swift */; };
		179964322B09338800034ED7 /* GameOverView.swift in Sources */ = {isa = PBXBuildFile; fileRef = 179964312B09338800034ED7 /* GameOverView.swift */; };
		179964342B09369700034ED7 /* MultipleQuestion.swift in Sources */ = {isa = PBXBuildFile; fileRef = 179964332B09369700034ED7 /* MultipleQuestion.swift */; };
		179964362B0937AA00034ED7 /* Question.swift in Sources */ = {isa = PBXBuildFile; fileRef = 179964352B0937AA00034ED7 /* Question.swift */; };
		179964382B09392400034ED7 /* HighestLowestQuestion.swift in Sources */ = {isa = PBXBuildFile; fileRef = 179964372B09392400034ED7 /* HighestLowestQuestion.swift */; };
		1799643A2B093A5900034ED7 /* OperationQuestion.swift in Sources */ = {isa = PBXBuildFile; fileRef = 179964392B093A5900034ED7 /* OperationQuestion.swift */; };
		1799643C2B093E9800034ED7 /* Localizable.xcstrings in Resources */ = {isa = PBXBuildFile; fileRef = 1799643B2B093E9800034ED7 /* Localizable.xcstrings */; };
/* End PBXBuildFile section */

/* Begin PBXFileReference section */
		179964142B0926E300034ED7 /* FlashMath.app */ = {isa = PBXFileReference; explicitFileType = wrapper.application; includeInIndex = 0; path = FlashMath.app; sourceTree = BUILT_PRODUCTS_DIR; };
		179964172B0926E300034ED7 /* FlashMathApp.swift */ = {isa = PBXFileReference; lastKnownFileType = sourcecode.swift; path = FlashMathApp.swift; sourceTree = "<group>"; };
		179964192B0926E300034ED7 /* ContentView.swift */ = {isa = PBXFileReference; lastKnownFileType = sourcecode.swift; path = ContentView.swift; sourceTree = "<group>"; };
		1799641B2B0926E400034ED7 /* Assets.xcassets */ = {isa = PBXFileReference; lastKnownFileType = folder.assetcatalog; path = Assets.xcassets; sourceTree = "<group>"; };
		179964252B09277B00034ED7 /* HowManyMultiplesQuestion.swift */ = {isa = PBXFileReference; lastKnownFileType = sourcecode.swift; path = HowManyMultiplesQuestion.swift; sourceTree = "<group>"; };
		179964272B09289C00034ED7 /* QuestionView.swift */ = {isa = PBXFileReference; lastKnownFileType = sourcecode.swift; path = QuestionView.swift; sourceTree = "<group>"; };
		179964292B0929E600034ED7 /* ViewModel.swift */ = {isa = PBXFileReference; lastKnownFileType = sourcecode.swift; path = ViewModel.swift; sourceTree = "<group>"; };
		1799642B2B092C4500034ED7 /* PlayingView.swift */ = {isa = PBXFileReference; lastKnownFileType = sourcecode.swift; path = PlayingView.swift; sourceTree = "<group>"; };
		1799642D2B092D0B00034ED7 /* Styles.swift */ = {isa = PBXFileReference; lastKnownFileType = sourcecode.swift; path = Styles.swift; sourceTree = "<group>"; };
		1799642F2B09332500034ED7 /* MenuView.swift */ = {isa = PBXFileReference; lastKnownFileType = sourcecode.swift; path = MenuView.swift; sourceTree = "<group>"; };
		179964312B09338800034ED7 /* GameOverView.swift */ = {isa = PBXFileReference; lastKnownFileType = sourcecode.swift; path = GameOverView.swift; sourceTree = "<group>"; };
		179964332B09369700034ED7 /* MultipleQuestion.swift */ = {isa = PBXFileReference; lastKnownFileType = sourcecode.swift; path = MultipleQuestion.swift; sourceTree = "<group>"; };
		179964352B0937AA00034ED7 /* Question.swift */ = {isa = PBXFileReference; lastKnownFileType = sourcecode.swift; path = Question.swift; sourceTree = "<group>"; };
		179964372B09392400034ED7 /* HighestLowestQuestion.swift */ = {isa = PBXFileReference; lastKnownFileType = sourcecode.swift; path = HighestLowestQuestion.swift; sourceTree = "<group>"; };
		179964392B093A5900034ED7 /* OperationQuestion.swift */ = {isa = PBXFileReference; lastKnownFileType = sourcecode.swift; path = OperationQuestion.swift; sourceTree = "<group>"; };
		1799643B2B093E9800034ED7 /* Localizable.xcstrings */ = {isa = PBXFileReference; lastKnownFileType = text.json.xcstrings; path = Localizable.xcstrings; sourceTree = "<group>"; };
/* End PBXFileReference section */

/* Begin PBXFrameworksBuildPhase section */
		179964112B0926E300034ED7 /* Frameworks */ = {
			isa = PBXFrameworksBuildPhase;
			buildActionMask = 2147483647;
			files = (
			);
			runOnlyForDeploymentPostprocessing = 0;
		};
/* End PBXFrameworksBuildPhase section */

/* Begin PBXGroup section */
		1799640B2B0926E300034ED7 = {
			isa = PBXGroup;
			children = (
				179964162B0926E300034ED7 /* FlashMath */,
				179964152B0926E300034ED7 /* Products */,
			);
			sourceTree = "<group>";
		};
		179964152B0926E300034ED7 /* Products */ = {
			isa = PBXGroup;
			children = (
				179964142B0926E300034ED7 /* FlashMath.app */,
			);
			name = Products;
			sourceTree = "<group>";
		};
		179964162B0926E300034ED7 /* FlashMath */ = {
			isa = PBXGroup;
			children = (
				179964172B0926E300034ED7 /* FlashMathApp.swift */,
				179964192B0926E300034ED7 /* ContentView.swift */,
				1799642D2B092D0B00034ED7 /* Styles.swift */,
				179964352B0937AA00034ED7 /* Question.swift */,
				179964252B09277B00034ED7 /* HowManyMultiplesQuestion.swift */,
				179964332B09369700034ED7 /* MultipleQuestion.swift */,
				179964372B09392400034ED7 /* HighestLowestQuestion.swift */,
				179964392B093A5900034ED7 /* OperationQuestion.swift */,
				179964272B09289C00034ED7 /* QuestionView.swift */,
				1799642F2B09332500034ED7 /* MenuView.swift */,
				179964312B09338800034ED7 /* GameOverView.swift */,
				179964292B0929E600034ED7 /* ViewModel.swift */,
				1799642B2B092C4500034ED7 /* PlayingView.swift */,
				1799641B2B0926E400034ED7 /* Assets.xcassets */,
				1799643B2B093E9800034ED7 /* Localizable.xcstrings */,
			);
			path = FlashMath;
			sourceTree = "<group>";
		};
/* End PBXGroup section */

/* Begin PBXNativeTarget section */
		179964132B0926E300034ED7 /* FlashMath */ = {
			isa = PBXNativeTarget;
			buildConfigurationList = 179964222B0926E400034ED7 /* Build configuration list for PBXNativeTarget "FlashMath" */;
			buildPhases = (
				179964102B0926E300034ED7 /* Sources */,
				179964112B0926E300034ED7 /* Frameworks */,
				179964122B0926E300034ED7 /* Resources */,
			);
			buildRules = (
			);
			dependencies = (
			);
			name = FlashMath;
			productName = FlashMath;
			productReference = 179964142B0926E300034ED7 /* FlashMath.app */;
			productType = "com.apple.product-type.application";
		};
/* End PBXNativeTarget section */

/* Begin PBXProject section */
		1799640C2B0926E300034ED7 /* Project object */ = {
			isa = PBXProject;
			attributes = {
				BuildIndependentTargetsInParallel = 1;
				LastSwiftUpdateCheck = 1500;
				LastUpgradeCheck = 1500;
				TargetAttributes = {
					179964132B0926E300034ED7 = {
						CreatedOnToolsVersion = 15.0;
					};
				};
			};
			buildConfigurationList = 1799640F2B0926E300034ED7 /* Build configuration list for PBXProject "FlashMath" */;
			compatibilityVersion = "Xcode 14.0";
			developmentRegion = en;
			hasScannedForEncodings = 0;
			knownRegions = (
				en,
				Base,
				de,
			);
			mainGroup = 1799640B2B0926E300034ED7;
			productRefGroup = 179964152B0926E300034ED7 /* Products */;
			projectDirPath = "";
			projectRoot = "";
			targets = (
				179964132B0926E300034ED7 /* FlashMath */,
			);
		};
/* End PBXProject section */

/* Begin PBXResourcesBuildPhase section */
		179964122B0926E300034ED7 /* Resources */ = {
			isa = PBXResourcesBuildPhase;
			buildActionMask = 2147483647;
			files = (
				1799641C2B0926E400034ED7 /* Assets.xcassets in Resources */,
				1799643C2B093E9800034ED7 /* Localizable.xcstrings in Resources */,
			);
			runOnlyForDeploymentPostprocessing = 0;
		};
/* End PBXResourcesBuildPhase section */

/* Begin PBXSourcesBuildPhase section */
		179964102B0926E300034ED7 /* Sources */ = {
			isa = PBXSourcesBuildPhase;
			buildActionMask = 2147483647;
			files = (
				1799642A2B0929E600034ED7 /* ViewModel.swift in Sources */,
				179964302B09332500034ED7 /* MenuView.swift in Sources */,
				1799642E2B092D0B00034ED7 /* Styles.swift in Sources */,
				179964282B09289C00034ED7 /* QuestionView.swift in Sources */,
				1799641A2B0926E300034ED7 /* ContentView.swift in Sources */,
				1799642C2B092C4500034ED7 /* PlayingView.swift in Sources */,
				179964262B09277B00034ED7 /* HowManyMultiplesQuestion.swift in Sources */,
				179964342B09369700034ED7 /* MultipleQuestion.swift in Sources */,
				179964382B09392400034ED7 /* HighestLowestQuestion.swift in Sources */,
				179964322B09338800034ED7 /* GameOverView.swift in Sources */,
				1799643A2B093A5900034ED7 /* OperationQuestion.swift in Sources */,
				179964362B0937AA00034ED7 /* Question.swift in Sources */,
				179964182B0926E300034ED7 /* FlashMathApp.swift in Sources */,
			);
			runOnlyForDeploymentPostprocessing = 0;
		};
/* End PBXSourcesBuildPhase section */

/* Begin XCBuildConfiguration section */
		179964202B0926E400034ED7 /* Debug */ = {
			isa = XCBuildConfiguration;
			buildSettings = {
				ALWAYS_SEARCH_USER_PATHS = NO;
				ASSETCATALOG_COMPILER_GENERATE_SWIFT_ASSET_SYMBOL_EXTENSIONS = YES;
				CLANG_ANALYZER_NONNULL = YES;
				CLANG_ANALYZER_NUMBER_OBJECT_CONVERSION = YES_AGGRESSIVE;
				CLANG_CXX_LANGUAGE_STANDARD = "gnu++20";
				CLANG_ENABLE_MODULES = YES;
				CLANG_ENABLE_OBJC_ARC = YES;
				CLANG_ENABLE_OBJC_WEAK = YES;
				CLANG_WARN_BLOCK_CAPTURE_AUTORELEASING = YES;
				CLANG_WARN_BOOL_CONVERSION = YES;
				CLANG_WARN_COMMA = YES;
				CLANG_WARN_CONSTANT_CONVERSION = YES;
				CLANG_WARN_DEPRECATED_OBJC_IMPLEMENTATIONS = YES;
				CLANG_WARN_DIRECT_OBJC_ISA_USAGE = YES_ERROR;
				CLANG_WARN_DOCUMENTATION_COMMENTS = YES;
				CLANG_WARN_EMPTY_BODY = YES;
				CLANG_WARN_ENUM_CONVERSION = YES;
				CLANG_WARN_INFINITE_RECURSION = YES;
				CLANG_WARN_INT_CONVERSION = YES;
				CLANG_WARN_NON_LITERAL_NULL_CONVERSION = YES;
				CLANG_WARN_OBJC_IMPLICIT_RETAIN_SELF = YES;
				CLANG_WARN_OBJC_LITERAL_CONVERSION = YES;
				CLANG_WARN_OBJC_ROOT_CLASS = YES_ERROR;
				CLANG_WARN_QUOTED_INCLUDE_IN_FRAMEWORK_HEADER = YES;
				CLANG_WARN_RANGE_LOOP_ANALYSIS = YES;
				CLANG_WARN_STRICT_PROTOTYPES = YES;
				CLANG_WARN_SUSPICIOUS_MOVE = YES;
				CLANG_WARN_UNGUARDED_AVAILABILITY = YES_AGGRESSIVE;
				CLANG_WARN_UNREACHABLE_CODE = YES;
				CLANG_WARN__DUPLICATE_METHOD_MATCH = YES;
				COPY_PHASE_STRIP = NO;
				DEBUG_INFORMATION_FORMAT = dwarf;
				DEVELOPMENT_TEAM = P8CC95REUG;
				ENABLE_STRICT_OBJC_MSGSEND = YES;
				ENABLE_TESTABILITY = YES;
				ENABLE_USER_SCRIPT_SANDBOXING = YES;
				GCC_C_LANGUAGE_STANDARD = gnu17;
				GCC_DYNAMIC_NO_PIC = NO;
				GCC_NO_COMMON_BLOCKS = YES;
				GCC_OPTIMIZATION_LEVEL = 0;
				GCC_PREPROCESSOR_DEFINITIONS = (
					"DEBUG=1",
					"$(inherited)",
				);
				GCC_WARN_64_TO_32_BIT_CONVERSION = YES;
				GCC_WARN_ABOUT_RETURN_TYPE = YES_ERROR;
				GCC_WARN_UNDECLARED_SELECTOR = YES;
				GCC_WARN_UNINITIALIZED_AUTOS = YES_AGGRESSIVE;
				GCC_WARN_UNUSED_FUNCTION = YES;
				GCC_WARN_UNUSED_VARIABLE = YES;
				IPHONEOS_DEPLOYMENT_TARGET = 17.0;
				LOCALIZATION_PREFERS_STRING_CATALOGS = YES;
				MTL_ENABLE_DEBUG_INFO = INCLUDE_SOURCE;
				MTL_FAST_MATH = YES;
				ONLY_ACTIVE_ARCH = YES;
				SDKROOT = iphoneos;
				SWIFT_ACTIVE_COMPILATION_CONDITIONS = "DEBUG $(inherited)";
				SWIFT_OPTIMIZATION_LEVEL = "-Onone";
			};
			name = Debug;
		};
		179964212B0926E400034ED7 /* Release */ = {
			isa = XCBuildConfiguration;
			buildSettings = {
				ALWAYS_SEARCH_USER_PATHS = NO;
				ASSETCATALOG_COMPILER_GENERATE_SWIFT_ASSET_SYMBOL_EXTENSIONS = YES;
				CLANG_ANALYZER_NONNULL = YES;
				CLANG_ANALYZER_NUMBER_OBJECT_CONVERSION = YES_AGGRESSIVE;
				CLANG_CXX_LANGUAGE_STANDARD = "gnu++20";
				CLANG_ENABLE_MODULES = YES;
				CLANG_ENABLE_OBJC_ARC = YES;
				CLANG_ENABLE_OBJC_WEAK = YES;
				CLANG_WARN_BLOCK_CAPTURE_AUTORELEASING = YES;
				CLANG_WARN_BOOL_CONVERSION = YES;
				CLANG_WARN_COMMA = YES;
				CLANG_WARN_CONSTANT_CONVERSION = YES;
				CLANG_WARN_DEPRECATED_OBJC_IMPLEMENTATIONS = YES;
				CLANG_WARN_DIRECT_OBJC_ISA_USAGE = YES_ERROR;
				CLANG_WARN_DOCUMENTATION_COMMENTS = YES;
				CLANG_WARN_EMPTY_BODY = YES;
				CLANG_WARN_ENUM_CONVERSION = YES;
				CLANG_WARN_INFINITE_RECURSION = YES;
				CLANG_WARN_INT_CONVERSION = YES;
				CLANG_WARN_NON_LITERAL_NULL_CONVERSION = YES;
				CLANG_WARN_OBJC_IMPLICIT_RETAIN_SELF = YES;
				CLANG_WARN_OBJC_LITERAL_CONVERSION = YES;
				CLANG_WARN_OBJC_ROOT_CLASS = YES_ERROR;
				CLANG_WARN_QUOTED_INCLUDE_IN_FRAMEWORK_HEADER = YES;
				CLANG_WARN_RANGE_LOOP_ANALYSIS = YES;
				CLANG_WARN_STRICT_PROTOTYPES = YES;
				CLANG_WARN_SUSPICIOUS_MOVE = YES;
				CLANG_WARN_UNGUARDED_AVAILABILITY = YES_AGGRESSIVE;
				CLANG_WARN_UNREACHABLE_CODE = YES;
				CLANG_WARN__DUPLICATE_METHOD_MATCH = YES;
				COPY_PHASE_STRIP = NO;
				DEBUG_INFORMATION_FORMAT = "dwarf-with-dsym";
				DEVELOPMENT_TEAM = P8CC95REUG;
				ENABLE_NS_ASSERTIONS = NO;
				ENABLE_STRICT_OBJC_MSGSEND = YES;
				ENABLE_USER_SCRIPT_SANDBOXING = YES;
				GCC_C_LANGUAGE_STANDARD = gnu17;
				GCC_NO_COMMON_BLOCKS = YES;
				GCC_WARN_64_TO_32_BIT_CONVERSION = YES;
				GCC_WARN_ABOUT_RETURN_TYPE = YES_ERROR;
				GCC_WARN_UNDECLARED_SELECTOR = YES;
				GCC_WARN_UNINITIALIZED_AUTOS = YES_AGGRESSIVE;
				GCC_WARN_UNUSED_FUNCTION = YES;
				GCC_WARN_UNUSED_VARIABLE = YES;
				IPHONEOS_DEPLOYMENT_TARGET = 17.0;
				LOCALIZATION_PREFERS_STRING_CATALOGS = YES;
				MTL_ENABLE_DEBUG_INFO = NO;
				MTL_FAST_MATH = YES;
				SDKROOT = iphoneos;
				SWIFT_COMPILATION_MODE = wholemodule;
				VALIDATE_PRODUCT = YES;
			};
			name = Release;
		};
		179964232B0926E400034ED7 /* Debug */ = {
			isa = XCBuildConfiguration;
			buildSettings = {
				ASSETCATALOG_COMPILER_APPICON_NAME = AppIcon;
				ASSETCATALOG_COMPILER_GLOBAL_ACCENT_COLOR_NAME = AccentColor;
				CODE_SIGN_STYLE = Automatic;
				CURRENT_PROJECT_VERSION = 1;
				ENABLE_PREVIEWS = YES;
				GENERATE_INFOPLIST_FILE = YES;
				INFOPLIST_KEY_UIApplicationSceneManifest_Generation = YES;
				INFOPLIST_KEY_UIApplicationSupportsIndirectInputEvents = YES;
				INFOPLIST_KEY_UILaunchScreen_Generation = YES;
				INFOPLIST_KEY_UISupportedInterfaceOrientations_iPad = "UIInterfaceOrientationPortrait UIInterfaceOrientationPortraitUpsideDown UIInterfaceOrientationLandscapeLeft UIInterfaceOrientationLandscapeRight";
				INFOPLIST_KEY_UISupportedInterfaceOrientations_iPhone = "UIInterfaceOrientationPortrait UIInterfaceOrientationLandscapeLeft UIInterfaceOrientationLandscapeRight";
				LD_RUNPATH_SEARCH_PATHS = (
					"$(inherited)",
					"@executable_path/Frameworks",
				);
				MARKETING_VERSION = 1.0;
				PRODUCT_BUNDLE_IDENTIFIER = com.yourcompany.FlashMath;
				PRODUCT_NAME = "$(TARGET_NAME)";
				SWIFT_EMIT_LOC_STRINGS = YES;
				SWIFT_VERSION = 5.0;
				TARGETED_DEVICE_FAMILY = "1,2";
			};
			name = Debug;
		};
		179964242B0926E400034ED7 /* Release */ = {
			isa = XCBuildConfiguration;
			buildSettings = {
				ASSETCATALOG_COMPILER_APPICON_NAME = AppIcon;
				ASSETCATALOG_COMPILER_GLOBAL_ACCENT_COLOR_NAME = AccentColor;
				CODE_SIGN_STYLE = Automatic;
				CURRENT_PROJECT_VERSION = 1;
				ENABLE_PREVIEWS = YES;
				GENERATE_INFOPLIST_FILE = YES;
				INFOPLIST_KEY_UIApplicationSceneManifest_Generation = YES;
				INFOPLIST_KEY_UIApplicationSupportsIndirectInputEvents = YES;
				INFOPLIST_KEY_UILaunchScreen_Generation = YES;
				INFOPLIST_KEY_UISupportedInterfaceOrientations_iPad = "UIInterfaceOrientationPortrait UIInterfaceOrientationPortraitUpsideDown UIInterfaceOrientationLandscapeLeft UIInterfaceOrientationLandscapeRight";
				INFOPLIST_KEY_UISupportedInterfaceOrientations_iPhone = "UIInterfaceOrientationPortrait UIInterfaceOrientationLandscapeLeft UIInterfaceOrientationLandscapeRight";
				LD_RUNPATH_SEARCH_PATHS = (
					"$(inherited)",
					"@executable_path/Frameworks",
				);
				MARKETING_VERSION = 1.0;
				PRODUCT_BUNDLE_IDENTIFIER = com.yourcompany.FlashMath;
				PRODUCT_NAME = "$(TARGET_NAME)";
				SWIFT_EMIT_LOC_STRINGS = YES;
				SWIFT_VERSION = 5.0;
				TARGETED_DEVICE_FAMILY = "1,2";
			};
			name = Release;
		};
/* End XCBuildConfiguration section */

/* Begin XCConfigurationList section */
		1799640F2B0926E300034ED7 /* Build configuration list for PBXProject "FlashMath" */ = {
			isa = XCConfigurationList;
			buildConfigurations = (
				179964202B0926E400034ED7 /* Debug */,
				179964212B0926E400034ED7 /* Release */,
			);
			defaultConfigurationIsVisible = 0;
			defaultConfigurationName = Release;
		};
		179964222B0926E400034ED7 /* Build configuration list for PBXNativeTarget "FlashMath" */ = {
			isa = XCConfigurationList;
			buildConfigurations = (
				179964232B0926E400034ED7 /* Debug */,
				179964242B0926E400034ED7 /* Release */,
			);
			defaultConfigurationIsVisible = 0;
			defaultConfigurationName = Release;
		};
/* End XCConfigurationList section */
	};
	rootObject = 1799640C2B0926E300034ED7 /* Project object */;
}
